
Microsoft Visual Studio Solution File, Format Version 12.00
# Visual Studio Version 17
VisualStudioVersion = 17.10.35013.160
MinimumVisualStudioVersion = 10.0.40219.1
Project("{FAE04EC0-301F-11D3-BF4B-00C04F79EFBC}") = "RegiVM", "RegiVM.csproj", "{9562BA7D-D85F-4588-8267-C9D69CEA0D1C}"
EndProject
Global
	GlobalSection(SolutionConfigurationPlatforms) = preSolution
		Debug|Any CPU = Debug|Any CPU
		Release|Any CPU = Release|Any CPU
	EndGlobalSection
	GlobalSection(ProjectConfigurationPlatforms) = postSolution
		{9562BA7D-D85F-4588-8267-C9D69CEA0D1C}.Debug|Any CPU.ActiveCfg = Debug|Any CPU
		{9562BA7D-D85F-4588-8267-C9D69CEA0D1C}.Debug|Any CPU.Build.0 = Debug|Any CPU
		{9562BA7D-D85F-4588-8267-C9D69CEA0D1C}.Release|Any CPU.ActiveCfg = Release|Any CPU
		{9562BA7D-D85F-4588-8267-C9D69CEA0D1C}.Release|Any CPU.Build.0 = Release|Any CPU
	EndGlobalSection
	GlobalSection(SolutionProperties) = preSolution
		HideSolutionNode = FALSE
	EndGlobalSection
	GlobalSection(ExtensibilityGlobals) = postSolution
		SolutionGuid = {01F23DE8-9F5F-4A4A-A012-8CC0966B96E8}
	EndGlobalSection
EndGlobal
